// !$*UTF8*$!
{
	archiveVersion = 1;
	classes = {
	};
	objectVersion = 48;
	objects = {

/* Begin PBXBuildFile section */
		901894371FE1E50D00251112 /* AppDelegate.swift in Sources */ = {isa = PBXBuildFile; fileRef = 901894361FE1E50D00251112 /* AppDelegate.swift */; };
		901894391FE1E50D00251112 /* ViewController.swift in Sources */ = {isa = PBXBuildFile; fileRef = 901894381FE1E50D00251112 /* ViewController.swift */; };
		9018943C1FE1E50D00251112 /* Main.storyboard in Resources */ = {isa = PBXBuildFile; fileRef = 9018943A1FE1E50D00251112 /* Main.storyboard */; };
		9018943E1FE1E50D00251112 /* Assets.xcassets in Resources */ = {isa = PBXBuildFile; fileRef = 9018943D1FE1E50D00251112 /* Assets.xcassets */; };
		901894411FE1E50D00251112 /* LaunchScreen.storyboard in Resources */ = {isa = PBXBuildFile; fileRef = 9018943F1FE1E50D00251112 /* LaunchScreen.storyboard */; };
		901894491FE1EF3600251112 /* CelestialBeing.json in Resources */ = {isa = PBXBuildFile; fileRef = 901894481FE1EEDA00251112 /* CelestialBeing.json */; };
/* End PBXBuildFile section */

/* Begin PBXFileReference section */
		901894331FE1E50D00251112 /* JSONParsingTestApp.app */ = {isa = PBXFileReference; explicitFileType = wrapper.application; includeInIndex = 0; path = JSONParsingTestApp.app; sourceTree = BUILT_PRODUCTS_DIR; };
		901894361FE1E50D00251112 /* AppDelegate.swift */ = {isa = PBXFileReference; lastKnownFileType = sourcecode.swift; path = AppDelegate.swift; sourceTree = "<group>"; };
		901894381FE1E50D00251112 /* ViewController.swift */ = {isa = PBXFileReference; lastKnownFileType = sourcecode.swift; path = ViewController.swift; sourceTree = "<group>"; };
		9018943B1FE1E50D00251112 /* Base */ = {isa = PBXFileReference; lastKnownFileType = file.storyboard; name = Base; path = Base.lproj/Main.storyboard; sourceTree = "<group>"; };
		9018943D1FE1E50D00251112 /* Assets.xcassets */ = {isa = PBXFileReference; lastKnownFileType = folder.assetcatalog; path = Assets.xcassets; sourceTree = "<group>"; };
		901894401FE1E50D00251112 /* Base */ = {isa = PBXFileReference; lastKnownFileType = file.storyboard; name = Base; path = Base.lproj/LaunchScreen.storyboard; sourceTree = "<group>"; };
		901894421FE1E50D00251112 /* Info.plist */ = {isa = PBXFileReference; lastKnownFileType = text.plist.xml; path = Info.plist; sourceTree = "<group>"; };
		901894481FE1EEDA00251112 /* CelestialBeing.json */ = {isa = PBXFileReference; lastKnownFileType = text.json; path = CelestialBeing.json; sourceTree = SOURCE_ROOT; };
/* End PBXFileReference section */

/* Begin PBXFrameworksBuildPhase section */
		901894301FE1E50D00251112 /* Frameworks */ = {
			isa = PBXFrameworksBuildPhase;
			buildActionMask = 2147483647;
			files = (
			);
			runOnlyForDeploymentPostprocessing = 0;
		};
/* End PBXFrameworksBuildPhase section */

/* Begin PBXGroup section */
		9018942A1FE1E50D00251112 = {
			isa = PBXGroup;
			children = (
				901894351FE1E50D00251112 /* JSONParsingTestApp */,
				901894341FE1E50D00251112 /* Products */,
			);
			sourceTree = "<group>";
		};
		901894341FE1E50D00251112 /* Products */ = {
			isa = PBXGroup;
			children = (
				901894331FE1E50D00251112 /* JSONParsingTestApp.app */,
			);
			name = Products;
			sourceTree = "<group>";
		};
		901894351FE1E50D00251112 /* JSONParsingTestApp */ = {
			isa = PBXGroup;
			children = (
				901894361FE1E50D00251112 /* AppDelegate.swift */,
				901894381FE1E50D00251112 /* ViewController.swift */,
				9018943A1FE1E50D00251112 /* Main.storyboard */,
				9018943D1FE1E50D00251112 /* Assets.xcassets */,
				901894481FE1EEDA00251112 /* CelestialBeing.json */,
				9018943F1FE1E50D00251112 /* LaunchScreen.storyboard */,
				901894421FE1E50D00251112 /* Info.plist */,
			);
			path = JSONParsingTestApp;
			sourceTree = "<group>";
		};
/* End PBXGroup section */

/* Begin PBXNativeTarget section */
		901894321FE1E50D00251112 /* JSONParsingTestApp */ = {
			isa = PBXNativeTarget;
			buildConfigurationList = 901894451FE1E50D00251112 /* Build configuration list for PBXNativeTarget "JSONParsingTestApp" */;
			buildPhases = (
				9018942F1FE1E50D00251112 /* Sources */,
				901894301FE1E50D00251112 /* Frameworks */,
				901894311FE1E50D00251112 /* Resources */,
			);
			buildRules = (
			);
			dependencies = (
			);
			name = JSONParsingTestApp;
			productName = JSONParsingTestApp;
			productReference = 901894331FE1E50D00251112 /* JSONParsingTestApp.app */;
			productType = "com.apple.product-type.application";
		};
/* End PBXNativeTarget section */

/* Begin PBXProject section */
		9018942B1FE1E50D00251112 /* Project object */ = {
			isa = PBXProject;
			attributes = {
				LastSwiftUpdateCheck = 0900;
				LastUpgradeCheck = 0900;
				ORGANIZATIONNAME = "Francis Jemuel Bergonia";
				TargetAttributes = {
					901894321FE1E50D00251112 = {
						CreatedOnToolsVersion = 9.0;
						ProvisioningStyle = Automatic;
					};
				};
			};
			buildConfigurationList = 9018942E1FE1E50D00251112 /* Build configuration list for PBXProject "JSONParsingTestApp" */;
			compatibilityVersion = "Xcode 8.0";
			developmentRegion = en;
			hasScannedForEncodings = 0;
			knownRegions = (
				en,
				Base,
			);
			mainGroup = 9018942A1FE1E50D00251112;
			productRefGroup = 901894341FE1E50D00251112 /* Products */;
			projectDirPath = "";
			projectRoot = "";
			targets = (
				901894321FE1E50D00251112 /* JSONParsingTestApp */,
			);
		};
/* End PBXProject section */

/* Begin PBXResourcesBuildPhase section */
		901894311FE1E50D00251112 /* Resources */ = {
			isa = PBXResourcesBuildPhase;
			buildActionMask = 2147483647;
			files = (
				901894411FE1E50D00251112 /* LaunchScreen.storyboard in Resources */,
				9018943E1FE1E50D00251112 /* Assets.xcassets in Resources */,
				901894491FE1EF3600251112 /* CelestialBeing.json in Resources */,
				9018943C1FE1E50D00251112 /* Main.storyboard in Resources */,
			);
			runOnlyForDeploymentPostprocessing = 0;
		};
/* End PBXResourcesBuildPhase section */

/* Begin PBXSourcesBuildPhase section */
		9018942F1FE1E50D00251112 /* Sources */ = {
			isa = PBXSourcesBuildPhase;
			buildActionMask = 2147483647;
			files = (
				901894391FE1E50D00251112 /* ViewController.swift in Sources */,
				901894371FE1E50D00251112 /* AppDelegate.swift in Sources */,
			);
			runOnlyForDeploymentPostprocessing = 0;
		};
/* End PBXSourcesBuildPhase section */

/* Begin PBXVariantGroup section */
		9018943A1FE1E50D00251112 /* Main.storyboard */ = {
			isa = PBXVariantGroup;
			children = (
				9018943B1FE1E50D00251112 /* Base */,
			);
			name = Main.storyboard;
			sourceTree = "<group>";
		};
		9018943F1FE1E50D00251112 /* LaunchScreen.storyboard */ = {
			isa = PBXVariantGroup;
			children = (
				901894401FE1E50D00251112 /* Base */,
			);
			name = LaunchScreen.storyboard;
			sourceTree = "<group>";
		};
/* End PBXVariantGroup section */

/* Begin XCBuildConfiguration section */
		901894431FE1E50D00251112 /* Debug */ = {
			isa = XCBuildConfiguration;
			buildSettings = {
				ALWAYS_SEARCH_USER_PATHS = NO;
				CLANG_ANALYZER_NONNULL = YES;
				CLANG_ANALYZER_NUMBER_OBJECT_CONVERSION = YES_AGGRESSIVE;
				CLANG_CXX_LANGUAGE_STANDARD = "gnu++14";
				CLANG_CXX_LIBRARY = "libc++";
				CLANG_ENABLE_MODULES = YES;
				CLANG_ENABLE_OBJC_ARC = YES;
				CLANG_WARN_BLOCK_CAPTURE_AUTORELEASING = YES;
				CLANG_WARN_BOOL_CONVERSION = YES;
				CLANG_WARN_COMMA = YES;
				CLANG_WARN_CONSTANT_CONVERSION = YES;
				CLANG_WARN_DIRECT_OBJC_ISA_USAGE = YES_ERROR;
				CLANG_WARN_DOCUMENTATION_COMMENTS = YES;
				CLANG_WARN_EMPTY_BODY = YES;
				CLANG_WARN_ENUM_CONVERSION = YES;
				CLANG_WARN_INFINITE_RECURSION = YES;
				CLANG_WARN_INT_CONVERSION = YES;
				CLANG_WARN_NON_LITERAL_NULL_CONVERSION = YES;
				CLANG_WARN_OBJC_LITERAL_CONVERSION = YES;
				CLANG_WARN_OBJC_ROOT_CLASS = YES_ERROR;
				CLANG_WARN_RANGE_LOOP_ANALYSIS = YES;
				CLANG_WARN_STRICT_PROTOTYPES = YES;
				CLANG_WARN_SUSPICIOUS_MOVE = YES;
				CLANG_WARN_UNGUARDED_AVAILABILITY = YES_AGGRESSIVE;
				CLANG_WARN_UNREACHABLE_CODE = YES;
				CLANG_WARN__DUPLICATE_METHOD_MATCH = YES;
				CODE_SIGN_IDENTITY = "iPhone Developer";
				COPY_PHASE_STRIP = NO;
				DEBUG_INFORMATION_FORMAT = dwarf;
				ENABLE_STRICT_OBJC_MSGSEND = YES;
				ENABLE_TESTABILITY = YES;
				GCC_C_LANGUAGE_STANDARD = gnu11;
				GCC_DYNAMIC_NO_PIC = NO;
				GCC_NO_COMMON_BLOCKS = YES;
				GCC_OPTIMIZATION_LEVEL = 0;
				GCC_PREPROCESSOR_DEFINITIONS = (
					"DEBUG=1",
					"$(inherited)",
				);
				GCC_WARN_64_TO_32_BIT_CONVERSION = YES;
				GCC_WARN_ABOUT_RETURN_TYPE = YES_ERROR;
				GCC_WARN_UNDECLARED_SELECTOR = YES;
				GCC_WARN_UNINITIALIZED_AUTOS = YES_AGGRESSIVE;
				GCC_WARN_UNUSED_FUNCTION = YES;
				GCC_WARN_UNUSED_VARIABLE = YES;
				IPHONEOS_DEPLOYMENT_TARGET = 11.0;
				MTL_ENABLE_DEBUG_INFO = YES;
				ONLY_ACTIVE_ARCH = YES;
				SDKROOT = iphoneos;
				SWIFT_ACTIVE_COMPILATION_CONDITIONS = DEBUG;
				SWIFT_OPTIMIZATION_LEVEL = "-Onone";
			};
			name = Debug;
		};
		901894441FE1E50D00251112 /* Release */ = {
			isa = XCBuildConfiguration;
			buildSettings = {
				ALWAYS_SEARCH_USER_PATHS = NO;
				CLANG_ANALYZER_NONNULL = YES;
				CLANG_ANALYZER_NUMBER_OBJECT_CONVERSION = YES_AGGRESSIVE;
				CLANG_CXX_LANGUAGE_STANDARD = "gnu++14";
				CLANG_CXX_LIBRARY = "libc++";
				CLANG_ENABLE_MODULES = YES;
				CLANG_ENABLE_OBJC_ARC = YES;
				CLANG_WARN_BLOCK_CAPTURE_AUTORELEASING = YES;
				CLANG_WARN_BOOL_CONVERSION = YES;
				CLANG_WARN_COMMA = YES;
				CLANG_WARN_CONSTANT_CONVERSION = YES;
				CLANG_WARN_DIRECT_OBJC_ISA_USAGE = YES_ERROR;
				CLANG_WARN_DOCUMENTATION_COMMENTS = YES;
				CLANG_WARN_EMPTY_BODY = YES;
				CLANG_WARN_ENUM_CONVERSION = YES;
				CLANG_WARN_INFINITE_RECURSION = YES;
				CLANG_WARN_INT_CONVERSION = YES;
				CLANG_WARN_NON_LITERAL_NULL_CONVERSION = YES;
				CLANG_WARN_OBJC_LITERAL_CONVERSION = YES;
				CLANG_WARN_OBJC_ROOT_CLASS = YES_ERROR;
				CLANG_WARN_RANGE_LOOP_ANALYSIS = YES;
				CLANG_WARN_STRICT_PROTOTYPES = YES;
				CLANG_WARN_SUSPICIOUS_MOVE = YES;
				CLANG_WARN_UNGUARDED_AVAILABILITY = YES_AGGRESSIVE;
				CLANG_WARN_UNREACHABLE_CODE = YES;
				CLANG_WARN__DUPLICATE_METHOD_MATCH = YES;
				CODE_SIGN_IDENTITY = "iPhone Developer";
				COPY_PHASE_STRIP = NO;
				DEBUG_INFORMATION_FORMAT = "dwarf-with-dsym";
				ENABLE_NS_ASSERTIONS = NO;
				ENABLE_STRICT_OBJC_MSGSEND = YES;
				GCC_C_LANGUAGE_STANDARD = gnu11;
				GCC_NO_COMMON_BLOCKS = YES;
				GCC_WARN_64_TO_32_BIT_CONVERSION = YES;
				GCC_WARN_ABOUT_RETURN_TYPE = YES_ERROR;
				GCC_WARN_UNDECLARED_SELECTOR = YES;
				GCC_WARN_UNINITIALIZED_AUTOS = YES_AGGRESSIVE;
				GCC_WARN_UNUSED_FUNCTION = YES;
				GCC_WARN_UNUSED_VARIABLE = YES;
				IPHONEOS_DEPLOYMENT_TARGET = 11.0;
				MTL_ENABLE_DEBUG_INFO = NO;
				SDKROOT = iphoneos;
				SWIFT_OPTIMIZATION_LEVEL = "-Owholemodule";
				VALIDATE_PRODUCT = YES;
			};
			name = Release;
		};
		901894461FE1E50D00251112 /* Debug */ = {
			isa = XCBuildConfiguration;
			buildSettings = {
				ASSETCATALOG_COMPILER_APPICON_NAME = AppIcon;
				CODE_SIGN_STYLE = Automatic;
				INFOPLIST_FILE = JSONParsingTestApp/Info.plist;
				LD_RUNPATH_SEARCH_PATHS = "$(inherited) @executable_path/Frameworks";
				PRODUCT_BUNDLE_IDENTIFIER = com.XiApps.JSONParsingTestApp;
				PRODUCT_NAME = "$(TARGET_NAME)";
				SWIFT_VERSION = 4.0;
				TARGETED_DEVICE_FAMILY = "1,2";
			};
			name = Debug;
		};
		901894471FE1E50D00251112 /* Release */ = {
			isa = XCBuildConfiguration;
			buildSettings = {
				ASSETCATALOG_COMPILER_APPICON_NAME = AppIcon;
				CODE_SIGN_STYLE = Automatic;
				INFOPLIST_FILE = JSONParsingTestApp/Info.plist;
				LD_RUNPATH_SEARCH_PATHS = "$(inherited) @executable_path/Frameworks";
				PRODUCT_BUNDLE_IDENTIFIER = com.XiApps.JSONParsingTestApp;
				PRODUCT_NAME = "$(TARGET_NAME)";
				SWIFT_VERSION = 4.0;
				TARGETED_DEVICE_FAMILY = "1,2";
			};
			name = Release;
		};
/* End XCBuildConfiguration section */

/* Begin XCConfigurationList section */
		9018942E1FE1E50D00251112 /* Build configuration list for PBXProject "JSONParsingTestApp" */ = {
			isa = XCConfigurationList;
			buildConfigurations = (
				901894431FE1E50D00251112 /* Debug */,
				901894441FE1E50D00251112 /* Release */,
			);
			defaultConfigurationIsVisible = 0;
			defaultConfigurationName = Release;
		};
		901894451FE1E50D00251112 /* Build configuration list for PBXNativeTarget "JSONParsingTestApp" */ = {
			isa = XCConfigurationList;
			buildConfigurations = (
				901894461FE1E50D00251112 /* Debug */,
				901894471FE1E50D00251112 /* Release */,
			);
			defaultConfigurationIsVisible = 0;
			defaultConfigurationName = Release;
		};
/* End XCConfigurationList section */
	};
	rootObject = 9018942B1FE1E50D00251112 /* Project object */;
}
